{
  "nodes": {
    "flake-compat": {
      "flake": false,
      "locked": {
        "lastModified": 1673956053,
        "narHash": "sha256-4gtG9iQuiKITOjNQQeQIpoIB6b16fm+504Ch3sNKLd8=",
        "owner": "edolstra",
        "repo": "flake-compat",
        "rev": "35bb57c0c8d8b62bbfd284272c928ceb64ddbde9",
        "type": "github"
      },
      "original": {
        "owner": "edolstra",
        "repo": "flake-compat",
        "type": "github"
      }
    },
    "gpt4all": {
      "inputs": {
        "gpt4all": "gpt4all_2",
        "nixpkgs": "nixpkgs"
      },
      "locked": {
        "lastModified": 1699308269,
        "narHash": "sha256-uFHc0GMp+hfPHB/kw46YFDWvpPdGI/c6kFXXGgmif7s=",
        "owner": "polygon",
        "repo": "gpt4all-nix",
        "rev": "6d8d5346895ffde4383c34aa8eb68dc95f05076c",
        "type": "github"
      },
      "original": {
        "owner": "polygon",
        "repo": "gpt4all-nix",
        "type": "github"
      }
    },
    "gpt4all_2": {
      "flake": false,
      "locked": {
        "lastModified": 1699024904,
        "narHash": "sha256-Y1wizN2prgY2zKYLRpIi9wZLH0RdNe4s9lqDpWAXz7Y=",
        "ref": "refs/heads/main",
        "rev": "8fabf0be4a1bc7629762a1456a4adeb6941c71c7",
        "revCount": 1526,
        "submodules": true,
        "type": "git",
        "url": "https://github.com/nomic-ai/gpt4all"
      },
      "original": {
        "submodules": true,
        "type": "git",
        "url": "https://github.com/nomic-ai/gpt4all"
      }
    },
    "home-manager": {
      "inputs": {
        "nixpkgs": [
          "nixpkgs"
        ]
      },
      "locked": {
        "lastModified": 1700814205,
        "narHash": "sha256-lWqDPKHRbQfi+zNIivf031BUeyciVOtwCwTjyrhDB5g=",
        "owner": "nix-community",
        "repo": "home-manager",
        "rev": "aeb2232d7a32530d3448318790534d196bf9427a",
        "type": "github"
      },
      "original": {
        "owner": "nix-community",
        "ref": "release-23.11",
        "repo": "home-manager",
        "type": "github"
      }
    },
    "libgit2": {
      "flake": false,
      "locked": {
        "lastModified": 1697646580,
        "narHash": "sha256-oX4Z3S9WtJlwvj0uH9HlYcWv+x1hqp8mhXl7HsLu2f0=",
        "owner": "libgit2",
        "repo": "libgit2",
        "rev": "45fd9ed7ae1a9b74b957ef4f337bc3c8b3df01b5",
        "type": "github"
      },
      "original": {
        "owner": "libgit2",
        "repo": "libgit2",
        "type": "github"
      }
    },
    "lowdown-src": {
      "flake": false,
      "locked": {
        "lastModified": 1633514407,
        "narHash": "sha256-Dw32tiMjdK9t3ETl5fzGrutQTzh2rufgZV4A/BbxuD4=",
        "owner": "kristapsdz",
        "repo": "lowdown",
        "rev": "d2c2b44ff6c27b936ec27358a2653caaef8f73b8",
        "type": "github"
      },
      "original": {
        "owner": "kristapsdz",
        "repo": "lowdown",
        "type": "github"
      }
    },
    "nh": {
      "inputs": {
        "nixpkgs": "nixpkgs_2"
      },
      "locked": {
        "lastModified": 1701344951,
        "narHash": "sha256-F0jd1tbSFreIpxNGtqVCxzUHKdSxjKLl2XFZPiz83zY=",
        "owner": "viperML",
        "repo": "nh",
        "rev": "c192a4a937ed3ab974e14c09b90092b226188281",
        "type": "github"
      },
      "original": {
        "owner": "viperML",
        "repo": "nh",
        "type": "github"
      }
    },
    "nix": {
      "inputs": {
        "flake-compat": "flake-compat",
        "libgit2": "libgit2",
        "lowdown-src": "lowdown-src",
        "nixpkgs": "nixpkgs_3",
        "nixpkgs-regression": "nixpkgs-regression"
      },
      "locked": {
        "lastModified": 1701498965,
        "narHash": "sha256-YKHCOm/PYhB99M3YBVAB7mpoA864rrKkMkloJ8UuxYc=",
        "owner": "NixOS",
        "repo": "nix",
        "rev": "cd0d4e4d479fc128e5e64ee4f0ffd177706b856d",
        "type": "github"
      },
      "original": {
        "id": "nix",
        "type": "indirect"
      }
    },
    "nixos-hardware": {
      "locked": {
        "lastModified": 1701250978,
        "narHash": "sha256-ohu3cz4edjpGxs2qUTgbs0WrnewOX4crnUJNEB6Jox4=",
        "owner": "NixOS",
        "repo": "nixos-hardware",
        "rev": "8772491ed75f150f02552c60694e1beff9f46013",
        "type": "github"
      },
      "original": {
        "owner": "NixOS",
        "repo": "nixos-hardware",
        "type": "github"
      }
    },
    "nixpkgs": {
      "locked": {
        "lastModified": 1699099776,
        "narHash": "sha256-X09iKJ27mGsGambGfkKzqvw5esP1L/Rf8H3u3fCqIiU=",
        "owner": "NixOS",
        "repo": "nixpkgs",
        "rev": "85f1ba3e51676fa8cc604a3d863d729026a6b8eb",
        "type": "github"
      },
      "original": {
        "owner": "NixOS",
        "ref": "nixos-unstable",
        "repo": "nixpkgs",
        "type": "github"
      }
    },
    "nixpkgs-regression": {
      "locked": {
        "lastModified": 1643052045,
        "narHash": "sha256-uGJ0VXIhWKGXxkeNnq4TvV3CIOkUJ3PAoLZ3HMzNVMw=",
        "owner": "NixOS",
        "repo": "nixpkgs",
        "rev": "215d4d0fd80ca5163643b03a33fde804a29cc1e2",
        "type": "github"
      },
      "original": {
        "owner": "NixOS",
        "repo": "nixpkgs",
        "rev": "215d4d0fd80ca5163643b03a33fde804a29cc1e2",
        "type": "github"
      }
    },
    "nixpkgs_2": {
      "locked": {
        "lastModified": 1701156937,
        "narHash": "sha256-jpMJOFvOTejx211D8z/gz0ErRtQPy6RXxgD2ZB86mso=",
        "owner": "NixOS",
        "repo": "nixpkgs",
        "rev": "7c4c20509c4363195841faa6c911777a134acdf3",
        "type": "github"
      },
      "original": {
        "owner": "NixOS",
        "ref": "nixos-23.11",
        "repo": "nixpkgs",
        "type": "github"
      }
    },
    "nixpkgs_3": {
      "locked": {
        "lastModified": 1700748986,
        "narHash": "sha256-/nqLrNU297h3PCw4QyDpZKZEUHmialJdZW2ceYFobds=",
        "owner": "NixOS",
        "repo": "nixpkgs",
        "rev": "9ba29e2346bc542e9909d1021e8fd7d4b3f64db0",
        "type": "github"
      },
      "original": {
        "owner": "NixOS",
        "ref": "nixos-23.05-small",
        "repo": "nixpkgs",
        "type": "github"
      }
    },
    "nixpkgs_4": {
      "locked": {
        "lastModified": 1701389149,
        "narHash": "sha256-rU1suTIEd5DGCaAXKW6yHoCfR1mnYjOXQFOaH7M23js=",
        "owner": "NixOS",
        "repo": "nixpkgs",
        "rev": "5de0b32be6e85dc1a9404c75131316e4ffbc634c",
        "type": "github"
      },
      "original": {
        "owner": "NixOS",
        "ref": "nixos-23.11",
        "repo": "nixpkgs",
        "type": "github"
      }
    },
    "root": {
      "inputs": {
        "gpt4all": "gpt4all",
        "home-manager": "home-manager",
        "nh": "nh",
        "nix": "nix",
        "nixos-hardware": "nixos-hardware",
        "nixpkgs": "nixpkgs_4"
      }
    }
  },
  "root": "root",
  "version": 7
}
